
Microsoft Visual Studio Solution File, Format Version 12.00
# Visual Studio 14
VisualStudioVersion = 14.0.25420.1
MinimumVisualStudioVersion = 10.0.40219.1
Project("{FAE04EC0-301F-11D3-BF4B-00C04F79EFBC}") = "SunScope", "SunScope\SunScope.csproj", "{475CAF6B-5D5C-4904-95E0-4F55662A93EF}"
EndProject
Global
	GlobalSection(SolutionConfigurationPlatforms) = preSolution
		Debug|Any CPU = Debug|Any CPU
		Release|Any CPU = Release|Any CPU
	EndGlobalSection
	GlobalSection(ProjectConfigurationPlatforms) = postSolution
		{475CAF6B-5D5C-4904-95E0-4F55662A93EF}.Debug|Any CPU.ActiveCfg = Debug|Any CPU
		{475CAF6B-5D5C-4904-95E0-4F55662A93EF}.Debug|Any CPU.Build.0 = Debug|Any CPU
		{475CAF6B-5D5C-4904-95E0-4F55662A93EF}.Release|Any CPU.ActiveCfg = Release|Any CPU
		{475CAF6B-5D5C-4904-95E0-4F55662A93EF}.Release|Any CPU.Build.0 = Release|Any CPU
	EndGlobalSection
	GlobalSection(SolutionProperties) = preSolution
		HideSolutionNode = FALSE
	EndGlobalSection
EndGlobal
